{
  "name": "api",
  "version": "1.0.0",
  "lockfileVersion": 2,
  "requires": true,
  "packages": {
    "": {
      "name": "api",
      "version": "1.0.0",
      "license": "ISC",
      "dependencies": {
        "twitter-api-v2": "^1.1.1"
      }
    },
    "node_modules/twitter-api-v2": {
      "version": "1.1.1",
      "resolved": "https://registry.npmjs.org/twitter-api-v2/-/twitter-api-v2-1.1.1.tgz",
      "integrity": "sha512-ZYBwboY71o6BZtmbY9ghs69qB2pAzWixkTrapHW3PbGdERF0PqRT2rDwB6gsCUPArayJCtcsR/VGUMJyPU0HEg=="
    }
  },
  "dependencies": {
    "twitter-api-v2": {
      "version": "1.1.1",
      "resolved": "https://registry.npmjs.org/twitter-api-v2/-/twitter-api-v2-1.1.1.tgz",
      "integrity": "sha512-ZYBwboY71o6BZtmbY9ghs69qB2pAzWixkTrapHW3PbGdERF0PqRT2rDwB6gsCUPArayJCtcsR/VGUMJyPU0HEg=="
    }
  }
}
